{
  "requires": true,
  "lockfileVersion": 1,
  "dependencies": {
    "plotly.js-dist": {
      "version": "1.58.2",
      "resolved": "https://registry.npmjs.org/plotly.js-dist/-/plotly.js-dist-1.58.2.tgz",
      "integrity": "sha512-IJG1Lubiv6wwOM+fIXD5FaufAMbMvP1J7ppiwfQkutXx6AGeRbS8dIBqcrJS5Lmh3/NOWIzjeQD7XkraVW+Trg=="
    }
  }
}
